hash: 899cf0cc8fe75956e38ad46350724245f8d593c906f41981c573229c262a946e
updated: 2016-06-26T10:38:34.458889325-07:00
imports:
- name: bitbucket.org/zombiezen/gopdf
  version: 1c63dc69751bc45441c2ce1f56b631c55294b4d5
  subpackages:
  - pdf
- name: github.com/ajstarks/svgo
  version: 672fe547df4e49efc6db67a74391368bcb149b37
- name: github.com/cheggaaa/pb
  version: c1f48d5ce4f292dfb775ef52aaedd15be323510d
- name: github.com/cloudfoundry-incubator/candiedyaml
  version: 99c3df83b51532e3615f851d8c2dbb638f5313bf
- name: github.com/coreos/etcd
  version: aab905f7ccd12733b16931953677bef7e8ce5400
  subpackages:
  - client
  - clientv3
  - pkg/pathutil
  - pkg/types
  - auth/authpb
  - etcdserver/api/v3rpc/rpctypes
  - etcdserver/etcdserverpb
  - mvcc/mvccpb
  - pkg/tlsutil
- name: github.com/coreos/go-systemd
  version: b32b8467dbea18858bfebf65c1a6a761090f2c31
  subpackages:
  - journal
- name: github.com/coreos/pkg
  version: a48e304ff9331be6d5df352b6b47bd1395ab5dd7
  subpackages:
  - capnslog
- name: github.com/dustin/go-humanize
  version: fef948f2d241bd1fd0631108ecc2c9553bae60bf
- name: github.com/fatih/color
  version: 87d4004f2ab62d0d255e0a38f1680aa534549fe3
- name: github.com/gengo/grpc-gateway
  version: 04d03d2c0176f9060cc3da4945a71abc759648bc
  subpackages:
  - runtime
  - utilities
  - runtime/internal
- name: github.com/ghodss/yaml
  version: aa0c862057666179de291b67d9f093d12b5a8473
- name: github.com/gogo/protobuf
  version: 2752d97bbd91927dd1c43296dbf8700e50e2708c
  subpackages:
  - gogoproto
  - proto
  - protoc-gen-gogo/descriptor
- name: github.com/golang/freetype
  version: 38b4c392adc5eed94207994c4848fff99f4ac234
  subpackages:
  - truetype
  - raster
- name: github.com/golang/protobuf
  version: 0c1f6d65b5a189c2250d10e71a5506f06f9fa0a0
  subpackages:
  - proto
  - jsonpb
- name: github.com/gonum/floats
  version: 50d9894483e545bcbe75c58b35efb70d75da07e4
- name: github.com/gonum/internal
  version: 4e496e1db44c5a089f08f50a32a1471670a1a63d
  subpackages:
  - asm
- name: github.com/gonum/plot
  version: 986a404a76fa599aed8ce476ec816c82fd9c9c4e
  subpackages:
  - plotter
  - plotutil
  - vg
  - vg/draw
  - palette
  - vg/fonts
  - vg/vgeps
  - vg/vgimg
  - vg/vgpdf
  - vg/vgsvg
- name: github.com/gyuho/dataframe
  version: 573cd728a011e5473510a6a1df0f39023c305e04
- name: github.com/gyuho/psn
  version: 88c9e2a3a8857e3be57fe67694db47bb23f29c31
  subpackages:
  - ps
- name: github.com/hashicorp/consul
  version: 09cfda47ed103910a8e1af76fa378a7e6acd5310
  subpackages:
  - api
- name: github.com/hashicorp/go-cleanhttp
  version: 875fb671b3ddc66f8e2f0acc33829c8cb989a38d
- name: github.com/hashicorp/serf
  version: 6c4672d66fc6312ddde18399262943e21175d831
  subpackages:
  - coordinate
  - serf
- name: github.com/inconshreveable/mousetrap
  version: 76626ae9c91c4f2a10f34cad8ce83ea42c93bb75
- name: github.com/llgcode/draw2d
  version: 5e675a3055a6f81f9b014b1dc2d5bb5fb8890618
  subpackages:
  - draw2dimg
  - draw2dbase
- name: github.com/mattn/go-colorable
  version: 9056b7a9f2d1f2d96498d6d146acd1f9d5ed3d59
- name: github.com/mattn/go-isatty
  version: 56b76bdf51f7708750eac80fa38b952bb9f32639
- name: github.com/mattn/go-runewidth
  version: d6bea18f789704b5f83375793155289da36a3c7f
- name: github.com/olekukonko/tablewriter
  version: daf2955e742cf123959884fdff4685aa79b63135
- name: github.com/samuel/go-zookeeper
  version: e64db453f3512cade908163702045e0f31137843
  subpackages:
  - zk
- name: github.com/spf13/cobra
  version: 6a8bd97bdb1fc0d08a83459940498ea49d3e8c93
- name: github.com/spf13/pflag
  version: 367864438f1b1a3c7db4da06a2f55b144e6784e0
- name: github.com/ugorji/go
  version: b94837a2404ab90efe9289e77a70694c355739cb
  subpackages:
  - codec
- name: golang.org/x/image
  version: 97680175a5267bb8b31f1923e7a66df98013b11a
  subpackages:
  - math/fixed
  - font
  - tiff
  - draw
  - math/f64
  - tiff/lzw
- name: golang.org/x/net
  version: e445b19913b9d40fdbdfe19ac5e3d314aafd6f63
  subpackages:
  - context
  - http2
  - trace
  - http2/hpack
  - lex/httplex
  - internal/timeseries
  - context/ctxhttp
- name: golang.org/x/oauth2
  version: 65a8d08c6292395d47053be10b3c5e91960def76
  subpackages:
  - google
  - jwt
  - internal
  - jws
- name: golang.org/x/sys
  version: 20457ee8ea8546920d3f4e19e405da45250dc5a5
  subpackages:
  - unix
- name: google.golang.org/api
  version: 63ade871fd3aec1225809d496e81ec91ab76ea29
  subpackages:
  - googleapi
  - storage/v1
  - googleapi/internal/uritemplates
  - gensupport
- name: google.golang.org/appengine
  version: 267c27e7492265b84fc6719503b14a1e17975d79
  subpackages:
  - urlfetch
  - internal
  - internal/app_identity
  - internal/modules
  - internal/urlfetch
  - internal/base
  - internal/datastore
  - internal/log
  - internal/remote_api
- name: google.golang.org/cloud
  version: a4c7c3139dc2772ad6c3bb73d0a9236a79063f8c
  subpackages:
  - storage
  - compute/metadata
  - internal
  - internal/opts
  - internal/transport
- name: google.golang.org/grpc
  version: 0eb7c5dcd059d77bde1eb5bc7d953940170d0d18
  subpackages:
  - codes
  - credentials
  - grpclog
  - internal
  - metadata
  - naming
  - transport
  - peer
  - credentials/oauth
- name: gopkg.in/yaml.v2
  version: a83829b6f1293c91addabc89d0571c246397bbf4
testImports: []
