hash: 6ac0ebb0f8853fa18c2be5b1b550eb3f96b4ea1deb3a0d4ff5390af768e16a22
updated: 2016-06-30T21:13:02.498119547-07:00
imports:
- name: bitbucket.org/zombiezen/gopdf
  version: 1c63dc69751bc45441c2ce1f56b631c55294b4d5
  subpackages:
  - pdf
- name: github.com/ajstarks/svgo
  version: 672fe547df4e49efc6db67a74391368bcb149b37
- name: github.com/cheggaaa/pb
  version: c1f48d5ce4f292dfb775ef52aaedd15be323510d
- name: github.com/cloudfoundry-incubator/candiedyaml
  version: 99c3df83b51532e3615f851d8c2dbb638f5313bf
- name: github.com/coreos/etcd
  version: 581f847e06a97dade895301d18714c50e70165cf
  subpackages:
  - client
  - clientv3
  - pkg/pathutil
  - pkg/types
  - auth/authpb
  - etcdserver/api/v3rpc/rpctypes
  - etcdserver/etcdserverpb
  - mvcc/mvccpb
  - pkg/tlsutil
- name: github.com/coreos/go-systemd
  version: b32b8467dbea18858bfebf65c1a6a761090f2c31
  subpackages:
  - journal
- name: github.com/coreos/pkg
  version: a48e304ff9331be6d5df352b6b47bd1395ab5dd7
  subpackages:
  - capnslog
- name: github.com/dustin/go-humanize
  version: fef948f2d241bd1fd0631108ecc2c9553bae60bf
- name: github.com/gengo/grpc-gateway
  version: 04d03d2c0176f9060cc3da4945a71abc759648bc
  subpackages:
  - runtime
  - utilities
  - runtime/internal
- name: github.com/ghodss/yaml
  version: aa0c862057666179de291b67d9f093d12b5a8473
- name: github.com/gogo/protobuf
  version: 2752d97bbd91927dd1c43296dbf8700e50e2708c
  subpackages:
  - gogoproto
  - proto
  - protoc-gen-gogo/descriptor
- name: github.com/golang/freetype
  version: 38b4c392adc5eed94207994c4848fff99f4ac234
  subpackages:
  - truetype
  - raster
- name: github.com/golang/protobuf
  version: 3852dcfda249c2097355a6aabb199a28d97b30df
  subpackages:
  - proto
  - jsonpb
- name: github.com/gonum/floats
  version: 50d9894483e545bcbe75c58b35efb70d75da07e4
- name: github.com/gonum/internal
  version: 4e496e1db44c5a089f08f50a32a1471670a1a63d
  subpackages:
  - asm
- name: github.com/gonum/plot
  version: 986a404a76fa599aed8ce476ec816c82fd9c9c4e
  subpackages:
  - plotter
  - plotutil
  - vg
  - vg/draw
  - palette
  - vg/fonts
  - vg/vgeps
  - vg/vgimg
  - vg/vgpdf
  - vg/vgsvg
- name: github.com/gyuho/dataframe
  version: 573cd728a011e5473510a6a1df0f39023c305e04
- name: github.com/gyuho/psn
  version: 415d7423cced5ca6bf6dbf81c5cbe37605f1dfaa
  subpackages:
  - process
- name: github.com/hashicorp/consul
  version: 56eb3bbe352c098914910c95affe123341684e3c
  subpackages:
  - api
- name: github.com/hashicorp/go-cleanhttp
  version: 875fb671b3ddc66f8e2f0acc33829c8cb989a38d
- name: github.com/hashicorp/serf
  version: 6c4672d66fc6312ddde18399262943e21175d831
  subpackages:
  - coordinate
  - serf
- name: github.com/inconshreveable/mousetrap
  version: 76626ae9c91c4f2a10f34cad8ce83ea42c93bb75
- name: github.com/llgcode/draw2d
  version: 3f01cfe277a813f87884f0ff9430d9998d058576
  subpackages:
  - draw2dimg
  - draw2dbase
- name: github.com/mattn/go-runewidth
  version: d6bea18f789704b5f83375793155289da36a3c7f
- name: github.com/olekukonko/tablewriter
  version: daf2955e742cf123959884fdff4685aa79b63135
- name: github.com/samuel/go-zookeeper
  version: e64db453f3512cade908163702045e0f31137843
  subpackages:
  - zk
- name: github.com/spf13/cobra
  version: 6a8bd97bdb1fc0d08a83459940498ea49d3e8c93
- name: github.com/spf13/pflag
  version: 367864438f1b1a3c7db4da06a2f55b144e6784e0
- name: github.com/ugorji/go
  version: b94837a2404ab90efe9289e77a70694c355739cb
  subpackages:
  - codec
- name: golang.org/x/image
  version: 8550bb53808b49e6f655a27cbb293b1f90c56a24
  subpackages:
  - math/fixed
  - font
  - tiff
  - draw
  - math/f64
  - tiff/lzw
- name: golang.org/x/net
  version: b400c2eff1badec7022a8c8f5bea058b6315eed7
  subpackages:
  - context
  - http2
  - trace
  - http2/hpack
  - lex/httplex
  - internal/timeseries
  - context/ctxhttp
- name: golang.org/x/oauth2
  version: 65a8d08c6292395d47053be10b3c5e91960def76
  subpackages:
  - google
  - jwt
  - internal
  - jws
- name: google.golang.org/api
  version: 57212573ccf9e4f69f4caa0336831697e29adcd6
  subpackages:
  - googleapi
  - storage/v1
  - googleapi/internal/uritemplates
  - gensupport
- name: google.golang.org/appengine
  version: 267c27e7492265b84fc6719503b14a1e17975d79
  subpackages:
  - urlfetch
  - internal
  - internal/app_identity
  - internal/modules
  - socket
  - internal/urlfetch
  - internal/base
  - internal/datastore
  - internal/log
  - internal/remote_api
  - internal/socket
- name: google.golang.org/cloud
  version: f1ae21c8f86d456623bddb78ff91d38a3010b35f
  subpackages:
  - storage
  - compute/metadata
  - internal
  - internal/opts
  - internal/transport
- name: google.golang.org/grpc
  version: a0ff1e78a98cd140c2d18a0210ab0a2a183a2b4c
  subpackages:
  - codes
  - credentials
  - grpclog
  - internal
  - metadata
  - naming
  - transport
  - peer
  - credentials/oauth
- name: gopkg.in/yaml.v2
  version: a83829b6f1293c91addabc89d0571c246397bbf4
testImports: []
